# pspoke pinned third-party sources. Fetched at build time into .cache/upstream; never committed.
# name            url                                                  commit                                    license
libntr            https://github.com/cybervisi0n/libntr.git            b221889911a7d1c16adf14dff24868da836ff057  MIT
libntrsystem      https://github.com/cybervisi0n/libntrsystem.git      cd778c9d5e45869f8ecb8245b316ac20ea576958  none-published
libntrdwc         https://github.com/cybervisi0n/libntrdwc.git         16246ba7b4269e6686f3e4da068e3c996a103739  none-published
libntrwifi        https://github.com/cybervisi0n/libntrwifi.git        067dabb137dfaf80b8ceeb3b3c4a7256bfabc3e0  none-published
libvct            https://github.com/cybervisi0n/libvct.git            a34ad47fc0d7d964483c287759b704b3b1f3b967  none-published
metang            https://github.com/lhearachel/metang.git             d616519ce37bc9ceef556969a1ca2dc64bf88390  see repo
pokeplatinum      https://github.com/cybervisi0n/pokeplatinum.git      47c28d531ce409ad40748ef50fcc59ae22226227  none-published
pokeheartgold-slop https://github.com/antonsynd/pokeheartgold-slop.git 808283ee256ca702d4fcf1407697b5d55f784a34  none-published
pokeheartgold     https://github.com/pret/pokeheartgold.git            0985e8718df4f25e64d6507d89c0c97c0d288981  none-published (asset member-order audit for SoulSilver)

# Vita port (build-vita.sh). vitaGL is the OpenGL-over-GXM layer the sceGu shim in port/vita/gu targets;
# math-neon is its ARM NEON math dependency. vitaShaRK is fetched for its header only: vitaGL.h includes
# it, but the runtime shader compiler it wraps is stubbed out in port/vita/shark_stub.c so a console does
# not need libshacccg.suprx.
vitaGL            https://github.com/Rinnegatamante/vitaGL.git         1ffcb99e65d979722c37eedd7298e9487f8eedb1  LGPL-3.0
math-neon         https://github.com/Rinnegatamante/math-neon.git      0faab814782c071ff4015527f1ca955ab1ccc470  MIT
vitaShaRK         https://github.com/Rinnegatamante/vitaShaRK.git      df24065e65098b2d1ac533760109ad4367573f28  LGPL-3.0 (header only)
